{
  "name": "my-new-project",
  "version": "0.1.0",
  "lockfileVersion": 1,
  "requires": true,
  "dependencies": {
    "bs-node": {
      "version": "github:reasonml-community/bs-node#20ef6d2d7c00e923aba33b0629ca5623a4460712",
      "from": "github:reasonml-community/bs-node"
    },
    "bs-platform": {
      "version": "5.0.4",
      "resolved": "https://registry.npmjs.org/bs-platform/-/bs-platform-5.0.4.tgz",
      "integrity": "sha512-rXM+ztN8wYXQ4ojfFGylvPOf8GRLOvM94QJsMMV9VpsLChKCjesWMNybTZvpoyNsESu2nC5q+C9soG+BPhuUFQ==",
      "dev": true
    }
  }
}
